// !$*UTF8*$!
{
	archiveVersion = 1;
	classes = {
	};
	objectVersion = 77;
	objects = {

/* Begin PBXBuildFile section */
		0C8191521DF0A14C9BE73DF4 /* MailClientApp.swift in Sources */ = {isa = PBXBuildFile; fileRef = D3C30453E13543E8C3F09EB0 /* MailClientApp.swift */; };
		11DE97E817FCF0807C2D9512 /* CalendarBridge.swift in Sources */ = {isa = PBXBuildFile; fileRef = C96CDBFE72C05A04C300B796 /* CalendarBridge.swift */; };
		1439C7ADF6FED97A245B3E99 /* Keychain.swift in Sources */ = {isa = PBXBuildFile; fileRef = CC3388DBD7CCE693B4B9D355 /* Keychain.swift */; };
		207203230C9C5A8E4600FC10 /* WBXMLCodepages.swift in Sources */ = {isa = PBXBuildFile; fileRef = AB0DF69CE9852A081D7E9D97 /* WBXMLCodepages.swift */; };
		31FA85F6E2396B9E62EA2329 /* RecurrenceMapper.swift in Sources */ = {isa = PBXBuildFile; fileRef = 21A58EBD98FC7F1477A36975 /* RecurrenceMapper.swift */; };
		432A400E64461DA83F972E24 /* SettingsView.swift in Sources */ = {isa = PBXBuildFile; fileRef = 7D2640C3A98B8B2B2A959E42 /* SettingsView.swift */; };
		4487B7DC606CC2D839E408EA /* SyncCommand.swift in Sources */ = {isa = PBXBuildFile; fileRef = 0CFDEC9BC517B5E5D1439A33 /* SyncCommand.swift */; };
		5C38AC38C57D5BAF4179F63C /* AppSettings.swift in Sources */ = {isa = PBXBuildFile; fileRef = AF41B0D083DAEC1022CDE217 /* AppSettings.swift */; };
		65CB2FF37B2B4B2B7177C5A7 /* WBXMLEncoder.swift in Sources */ = {isa = PBXBuildFile; fileRef = C34EB12EFD7BD2F6CA0100C4 /* WBXMLEncoder.swift */; };
		6BBDAA376582C9EAE96C8081 /* TimezoneDecoder.swift in Sources */ = {isa = PBXBuildFile; fileRef = 6D06C5EA269520DFAB4E04B1 /* TimezoneDecoder.swift */; };
		7166EFA824DC7F202CDB3B38 /* EASStatusCode.swift in Sources */ = {isa = PBXBuildFile; fileRef = 69B88801F40A5FDBC61A3951 /* EASStatusCode.swift */; };
		74730ED7095ED03424EE684D /* MenuBarContentView.swift in Sources */ = {isa = PBXBuildFile; fileRef = F0ED8A722DB25A60216F0E87 /* MenuBarContentView.swift */; };
		7538C49A84E0257F1EBC15EB /* EASModels.swift in Sources */ = {isa = PBXBuildFile; fileRef = D9AE01845E1A831F533854F2 /* EASModels.swift */; };
		7BA8A456BBDEB1675366F52C /* FolderSyncCommand.swift in Sources */ = {isa = PBXBuildFile; fileRef = 85E43BC4ADC9DBBFDAEE3592 /* FolderSyncCommand.swift */; };
		7BEA99081717BE8F4A5A8D15 /* EASRequest.swift in Sources */ = {isa = PBXBuildFile; fileRef = 77427936EA61879C411E354F /* EASRequest.swift */; };
		7E52739EB2D3959116478334 /* ProvisionCommand.swift in Sources */ = {isa = PBXBuildFile; fileRef = 39518C778FE51081002B58C6 /* ProvisionCommand.swift */; };
		8003822E6405740BCA5C9CB9 /* EASCalendarParser.swift in Sources */ = {isa = PBXBuildFile; fileRef = 90E22267BCE28776D5728C3E /* EASCalendarParser.swift */; };
		890B3833B9F954D974376A1C /* EASClient.swift in Sources */ = {isa = PBXBuildFile; fileRef = 5DB4FD567EC94A021425BC99 /* EASClient.swift */; };
		C8C840127411B53EFA9A7AAE /* DeviceFingerprint.swift in Sources */ = {isa = PBXBuildFile; fileRef = C3E2CBDD8236D98F51D2BD52 /* DeviceFingerprint.swift */; };
		E2D0F14F1E22AAFEB19D1B83 /* WBXMLNode.swift in Sources */ = {isa = PBXBuildFile; fileRef = 1BF7BDC6BCC4BF0BFAC71116 /* WBXMLNode.swift */; };
		EDB2378132DF05B37572DCB1 /* WBXMLDecoder.swift in Sources */ = {isa = PBXBuildFile; fileRef = 577B7FAC31A52E6F41F523F9 /* WBXMLDecoder.swift */; };
		F5D975C1BE4C7E79983F71D8 /* SyncLog.swift in Sources */ = {isa = PBXBuildFile; fileRef = 91FF8A614C773CA76E47F177 /* SyncLog.swift */; };
		FD04EA27DC6E9E33B32B3C9C /* SyncEngine.swift in Sources */ = {isa = PBXBuildFile; fileRef = DDE087522AFB11426833CEE4 /* SyncEngine.swift */; };
		FF1B74C3B9D84C6B39A6B21B /* SyncState.swift in Sources */ = {isa = PBXBuildFile; fileRef = 7EB92C18A06E7AF59D87742B /* SyncState.swift */; };
/* End PBXBuildFile section */

/* Begin PBXFileReference section */
		0CFDEC9BC517B5E5D1439A33 /* SyncCommand.swift */ = {isa = PBXFileReference; lastKnownFileType = sourcecode.swift; path = SyncCommand.swift; sourceTree = "<group>"; };
		1BF7BDC6BCC4BF0BFAC71116 /* WBXMLNode.swift */ = {isa = PBXFileReference; lastKnownFileType = sourcecode.swift; path = WBXMLNode.swift; sourceTree = "<group>"; };
		21A58EBD98FC7F1477A36975 /* RecurrenceMapper.swift */ = {isa = PBXFileReference; lastKnownFileType = sourcecode.swift; path = RecurrenceMapper.swift; sourceTree = "<group>"; };
		39518C778FE51081002B58C6 /* ProvisionCommand.swift */ = {isa = PBXFileReference; lastKnownFileType = sourcecode.swift; path = ProvisionCommand.swift; sourceTree = "<group>"; };
		577B7FAC31A52E6F41F523F9 /* WBXMLDecoder.swift */ = {isa = PBXFileReference; lastKnownFileType = sourcecode.swift; path = WBXMLDecoder.swift; sourceTree = "<group>"; };
		5DB4FD567EC94A021425BC99 /* EASClient.swift */ = {isa = PBXFileReference; lastKnownFileType = sourcecode.swift; path = EASClient.swift; sourceTree = "<group>"; };
		69B88801F40A5FDBC61A3951 /* EASStatusCode.swift */ = {isa = PBXFileReference; lastKnownFileType = sourcecode.swift; path = EASStatusCode.swift; sourceTree = "<group>"; };
		6D06C5EA269520DFAB4E04B1 /* TimezoneDecoder.swift */ = {isa = PBXFileReference; lastKnownFileType = sourcecode.swift; path = TimezoneDecoder.swift; sourceTree = "<group>"; };
		7527E39F2FAD279600445F69 /* Assets.xcassets */ = {isa = PBXFileReference; lastKnownFileType = folder.assetcatalog; path = Assets.xcassets; sourceTree = "<group>"; };
		77427936EA61879C411E354F /* EASRequest.swift */ = {isa = PBXFileReference; lastKnownFileType = sourcecode.swift; path = EASRequest.swift; sourceTree = "<group>"; };
		7D2640C3A98B8B2B2A959E42 /* SettingsView.swift */ = {isa = PBXFileReference; lastKnownFileType = sourcecode.swift; path = SettingsView.swift; sourceTree = "<group>"; };
		7EB92C18A06E7AF59D87742B /* SyncState.swift */ = {isa = PBXFileReference; lastKnownFileType = sourcecode.swift; path = SyncState.swift; sourceTree = "<group>"; };
		813DA3B55EEBE67545A5D125 /* MailClient.app */ = {isa = PBXFileReference; explicitFileType = wrapper.application; includeInIndex = 0; path = MailClient.app; sourceTree = BUILT_PRODUCTS_DIR; };
		85E43BC4ADC9DBBFDAEE3592 /* FolderSyncCommand.swift */ = {isa = PBXFileReference; lastKnownFileType = sourcecode.swift; path = FolderSyncCommand.swift; sourceTree = "<group>"; };
		90E22267BCE28776D5728C3E /* EASCalendarParser.swift */ = {isa = PBXFileReference; lastKnownFileType = sourcecode.swift; path = EASCalendarParser.swift; sourceTree = "<group>"; };
		91FF8A614C773CA76E47F177 /* SyncLog.swift */ = {isa = PBXFileReference; lastKnownFileType = sourcecode.swift; path = SyncLog.swift; sourceTree = "<group>"; };
		AB0DF69CE9852A081D7E9D97 /* WBXMLCodepages.swift */ = {isa = PBXFileReference; lastKnownFileType = sourcecode.swift; path = WBXMLCodepages.swift; sourceTree = "<group>"; };
		AF41B0D083DAEC1022CDE217 /* AppSettings.swift */ = {isa = PBXFileReference; lastKnownFileType = sourcecode.swift; path = AppSettings.swift; sourceTree = "<group>"; };
		C34EB12EFD7BD2F6CA0100C4 /* WBXMLEncoder.swift */ = {isa = PBXFileReference; lastKnownFileType = sourcecode.swift; path = WBXMLEncoder.swift; sourceTree = "<group>"; };
		C3E2CBDD8236D98F51D2BD52 /* DeviceFingerprint.swift */ = {isa = PBXFileReference; lastKnownFileType = sourcecode.swift; path = DeviceFingerprint.swift; sourceTree = "<group>"; };
		C96CDBFE72C05A04C300B796 /* CalendarBridge.swift */ = {isa = PBXFileReference; lastKnownFileType = sourcecode.swift; path = CalendarBridge.swift; sourceTree = "<group>"; };
		CC3388DBD7CCE693B4B9D355 /* Keychain.swift */ = {isa = PBXFileReference; lastKnownFileType = sourcecode.swift; path = Keychain.swift; sourceTree = "<group>"; };
		D3C30453E13543E8C3F09EB0 /* MailClientApp.swift */ = {isa = PBXFileReference; lastKnownFileType = sourcecode.swift; path = MailClientApp.swift; sourceTree = "<group>"; };
		D9AE01845E1A831F533854F2 /* EASModels.swift */ = {isa = PBXFileReference; lastKnownFileType = sourcecode.swift; path = EASModels.swift; sourceTree = "<group>"; };
		DDE087522AFB11426833CEE4 /* SyncEngine.swift */ = {isa = PBXFileReference; lastKnownFileType = sourcecode.swift; path = SyncEngine.swift; sourceTree = "<group>"; };
		F0ED8A722DB25A60216F0E87 /* MenuBarContentView.swift */ = {isa = PBXFileReference; lastKnownFileType = sourcecode.swift; path = MenuBarContentView.swift; sourceTree = "<group>"; };
/* End PBXFileReference section */

/* Begin PBXGroup section */
		00A8486F126CE09825B2403C /* Commands */ = {
			isa = PBXGroup;
			children = (
				85E43BC4ADC9DBBFDAEE3592 /* FolderSyncCommand.swift */,
				39518C778FE51081002B58C6 /* ProvisionCommand.swift */,
				0CFDEC9BC517B5E5D1439A33 /* SyncCommand.swift */,
			);
			path = Commands;
			sourceTree = "<group>";
		};
		134B9CFD686B013F023594F7 /* EAS */ = {
			isa = PBXGroup;
			children = (
				90E22267BCE28776D5728C3E /* EASCalendarParser.swift */,
				5DB4FD567EC94A021425BC99 /* EASClient.swift */,
				D9AE01845E1A831F533854F2 /* EASModels.swift */,
				77427936EA61879C411E354F /* EASRequest.swift */,
				69B88801F40A5FDBC61A3951 /* EASStatusCode.swift */,
				00A8486F126CE09825B2403C /* Commands */,
			);
			path = EAS;
			sourceTree = "<group>";
		};
		21F8D9F542CDEF0C03581C69 /* Storage */ = {
			isa = PBXGroup;
			children = (
				AF41B0D083DAEC1022CDE217 /* AppSettings.swift */,
				C3E2CBDD8236D98F51D2BD52 /* DeviceFingerprint.swift */,
				CC3388DBD7CCE693B4B9D355 /* Keychain.swift */,
				7EB92C18A06E7AF59D87742B /* SyncState.swift */,
			);
			path = Storage;
			sourceTree = "<group>";
		};
		75C52BA9842A38786BC6B21C /* Sync */ = {
			isa = PBXGroup;
			children = (
				DDE087522AFB11426833CEE4 /* SyncEngine.swift */,
				91FF8A614C773CA76E47F177 /* SyncLog.swift */,
			);
			path = Sync;
			sourceTree = "<group>";
		};
		82D93740690467A91BAFB063 /* App */ = {
			isa = PBXGroup;
			children = (
				D3C30453E13543E8C3F09EB0 /* MailClientApp.swift */,
				7527E39F2FAD279600445F69 /* Assets.xcassets */,
			);
			path = App;
			sourceTree = "<group>";
		};
		9721F625B06A36B35142E36E = {
			isa = PBXGroup;
			children = (
				98CDB343187F9B48EC5339CE /* MailClient */,
				9D8C45B105678A7846183296 /* Products */,
			);
			sourceTree = "<group>";
		};
		98CDB343187F9B48EC5339CE /* MailClient */ = {
			isa = PBXGroup;
			children = (
				82D93740690467A91BAFB063 /* App */,
				C85A50581C4B95F42D9667B3 /* CalendarSync */,
				134B9CFD686B013F023594F7 /* EAS */,
				21F8D9F542CDEF0C03581C69 /* Storage */,
				75C52BA9842A38786BC6B21C /* Sync */,
				FCC659394E27A0C8E4E20C44 /* UI */,
				CB0706AE9E6D5E444B2A9B17 /* WBXML */,
			);
			path = MailClient;
			sourceTree = "<group>";
		};
		9D8C45B105678A7846183296 /* Products */ = {
			isa = PBXGroup;
			children = (
				813DA3B55EEBE67545A5D125 /* MailClient.app */,
			);
			name = Products;
			sourceTree = "<group>";
		};
		C85A50581C4B95F42D9667B3 /* CalendarSync */ = {
			isa = PBXGroup;
			children = (
				C96CDBFE72C05A04C300B796 /* CalendarBridge.swift */,
				21A58EBD98FC7F1477A36975 /* RecurrenceMapper.swift */,
				6D06C5EA269520DFAB4E04B1 /* TimezoneDecoder.swift */,
			);
			path = CalendarSync;
			sourceTree = "<group>";
		};
		CB0706AE9E6D5E444B2A9B17 /* WBXML */ = {
			isa = PBXGroup;
			children = (
				AB0DF69CE9852A081D7E9D97 /* WBXMLCodepages.swift */,
				577B7FAC31A52E6F41F523F9 /* WBXMLDecoder.swift */,
				C34EB12EFD7BD2F6CA0100C4 /* WBXMLEncoder.swift */,
				1BF7BDC6BCC4BF0BFAC71116 /* WBXMLNode.swift */,
			);
			path = WBXML;
			sourceTree = "<group>";
		};
		FCC659394E27A0C8E4E20C44 /* UI */ = {
			isa = PBXGroup;
			children = (
				F0ED8A722DB25A60216F0E87 /* MenuBarContentView.swift */,
				7D2640C3A98B8B2B2A959E42 /* SettingsView.swift */,
			);
			path = UI;
			sourceTree = "<group>";
		};
/* End PBXGroup section */

/* Begin PBXNativeTarget section */
		EB5B9A07F2AAB46D37714335 /* MailClient */ = {
			isa = PBXNativeTarget;
			buildConfigurationList = 6FB46B1FC8A8C962ACA12025 /* Build configuration list for PBXNativeTarget "MailClient" */;
			buildPhases = (
				E12BCCCC35015FACE2AAF1DB /* Sources */,
			);
			buildRules = (
			);
			dependencies = (
			);
			name = MailClient;
			packageProductDependencies = (
			);
			productName = MailClient;
			productReference = 813DA3B55EEBE67545A5D125 /* MailClient.app */;
			productType = "com.apple.product-type.application";
		};
/* End PBXNativeTarget section */

/* Begin PBXProject section */
		55FDB23FCAA1100AEAAE4282 /* Project object */ = {
			isa = PBXProject;
			attributes = {
				BuildIndependentTargetsInParallel = YES;
				LastUpgradeCheck = 1430;
				TargetAttributes = {
					EB5B9A07F2AAB46D37714335 = {
						DevelopmentTeam = "";
						ProvisioningStyle = Automatic;
					};
				};
			};
			buildConfigurationList = 484BDC09903A641DFB3C03C9 /* Build configuration list for PBXProject "MailClient" */;
			developmentRegion = en;
			hasScannedForEncodings = 0;
			knownRegions = (
				Base,
				en,
			);
			mainGroup = 9721F625B06A36B35142E36E;
			minimizedProjectReferenceProxies = 1;
			preferredProjectObjectVersion = 77;
			productRefGroup = 9D8C45B105678A7846183296 /* Products */;
			projectDirPath = "";
			projectRoot = "";
			targets = (
				EB5B9A07F2AAB46D37714335 /* MailClient */,
			);
		};
/* End PBXProject section */

/* Begin PBXSourcesBuildPhase section */
		E12BCCCC35015FACE2AAF1DB /* Sources */ = {
			isa = PBXSourcesBuildPhase;
			buildActionMask = 2147483647;
			files = (
				5C38AC38C57D5BAF4179F63C /* AppSettings.swift in Sources */,
				11DE97E817FCF0807C2D9512 /* CalendarBridge.swift in Sources */,
				C8C840127411B53EFA9A7AAE /* DeviceFingerprint.swift in Sources */,
				8003822E6405740BCA5C9CB9 /* EASCalendarParser.swift in Sources */,
				890B3833B9F954D974376A1C /* EASClient.swift in Sources */,
				7538C49A84E0257F1EBC15EB /* EASModels.swift in Sources */,
				7BEA99081717BE8F4A5A8D15 /* EASRequest.swift in Sources */,
				7166EFA824DC7F202CDB3B38 /* EASStatusCode.swift in Sources */,
				7BA8A456BBDEB1675366F52C /* FolderSyncCommand.swift in Sources */,
				1439C7ADF6FED97A245B3E99 /* Keychain.swift in Sources */,
				0C8191521DF0A14C9BE73DF4 /* MailClientApp.swift in Sources */,
				74730ED7095ED03424EE684D /* MenuBarContentView.swift in Sources */,
				7E52739EB2D3959116478334 /* ProvisionCommand.swift in Sources */,
				31FA85F6E2396B9E62EA2329 /* RecurrenceMapper.swift in Sources */,
				432A400E64461DA83F972E24 /* SettingsView.swift in Sources */,
				4487B7DC606CC2D839E408EA /* SyncCommand.swift in Sources */,
				FD04EA27DC6E9E33B32B3C9C /* SyncEngine.swift in Sources */,
				F5D975C1BE4C7E79983F71D8 /* SyncLog.swift in Sources */,
				FF1B74C3B9D84C6B39A6B21B /* SyncState.swift in Sources */,
				6BBDAA376582C9EAE96C8081 /* TimezoneDecoder.swift in Sources */,
				207203230C9C5A8E4600FC10 /* WBXMLCodepages.swift in Sources */,
				EDB2378132DF05B37572DCB1 /* WBXMLDecoder.swift in Sources */,
				65CB2FF37B2B4B2B7177C5A7 /* WBXMLEncoder.swift in Sources */,
				E2D0F14F1E22AAFEB19D1B83 /* WBXMLNode.swift in Sources */,
			);
			runOnlyForDeploymentPostprocessing = 0;
		};
/* End PBXSourcesBuildPhase section */

/* Begin XCBuildConfiguration section */
		831C4E4CA0EB3D50CE271A4D /* Release */ = {
			isa = XCBuildConfiguration;
			buildSettings = {
				ASSETCATALOG_COMPILER_APPICON_NAME = AppIcon;
				CODE_SIGN_ENTITLEMENTS = MailClient/Resources/MailClient.entitlements;
				COMBINE_HIDPI_IMAGES = YES;
				CURRENT_PROJECT_VERSION = 1;
				GENERATE_INFOPLIST_FILE = NO;
				INFOPLIST_FILE = MailClient/Resources/Info.plist;
				INFOPLIST_KEY_CFBundleDisplayName = "EAS Bridge";
				LD_RUNPATH_SEARCH_PATHS = (
					"$(inherited)",
					"@executable_path/../Frameworks",
				);
				MACOSX_DEPLOYMENT_TARGET = 14.0;
				MARKETING_VERSION = 1.0;
				PRODUCT_BUNDLE_IDENTIFIER = com.mailclient.MailClient;
				SDKROOT = macosx;
			};
			name = Release;
		};
		DCEAB3EC270DE14334B3958F /* Release */ = {
			isa = XCBuildConfiguration;
			buildSettings = {
				ALWAYS_SEARCH_USER_PATHS = NO;
				CLANG_ANALYZER_NONNULL = YES;
				CLANG_ANALYZER_NUMBER_OBJECT_CONVERSION = YES_AGGRESSIVE;
				CLANG_CXX_LANGUAGE_STANDARD = "gnu++14";
				CLANG_CXX_LIBRARY = "libc++";
				CLANG_ENABLE_MODULES = YES;
				CLANG_ENABLE_OBJC_ARC = YES;
				CLANG_ENABLE_OBJC_WEAK = YES;
				CLANG_WARN_BLOCK_CAPTURE_AUTORELEASING = YES;
				CLANG_WARN_BOOL_CONVERSION = YES;
				CLANG_WARN_COMMA = YES;
				CLANG_WARN_CONSTANT_CONVERSION = YES;
				CLANG_WARN_DEPRECATED_OBJC_IMPLEMENTATIONS = YES;
				CLANG_WARN_DIRECT_OBJC_ISA_USAGE = YES_ERROR;
				CLANG_WARN_DOCUMENTATION_COMMENTS = YES;
				CLANG_WARN_EMPTY_BODY = YES;
				CLANG_WARN_ENUM_CONVERSION = YES;
				CLANG_WARN_INFINITE_RECURSION = YES;
				CLANG_WARN_INT_CONVERSION = YES;
				CLANG_WARN_NON_LITERAL_NULL_CONVERSION = YES;
				CLANG_WARN_OBJC_IMPLICIT_RETAIN_SELF = YES;
				CLANG_WARN_OBJC_LITERAL_CONVERSION = YES;
				CLANG_WARN_OBJC_ROOT_CLASS = YES_ERROR;
				CLANG_WARN_QUOTED_INCLUDE_IN_FRAMEWORK_HEADER = YES;
				CLANG_WARN_RANGE_LOOP_ANALYSIS = YES;
				CLANG_WARN_STRICT_PROTOTYPES = YES;
				CLANG_WARN_SUSPICIOUS_MOVE = YES;
				CLANG_WARN_UNGUARDED_AVAILABILITY = YES_AGGRESSIVE;
				CLANG_WARN_UNREACHABLE_CODE = YES;
				CLANG_WARN__DUPLICATE_METHOD_MATCH = YES;
				CODE_SIGN_IDENTITY = "-";
				CODE_SIGN_STYLE = Automatic;
				COPY_PHASE_STRIP = NO;
				DEBUG_INFORMATION_FORMAT = "dwarf-with-dsym";
				DEVELOPMENT_TEAM = "";
				ENABLE_HARDENED_RUNTIME = YES;
				ENABLE_NS_ASSERTIONS = NO;
				ENABLE_STRICT_OBJC_MSGSEND = YES;
				GCC_C_LANGUAGE_STANDARD = gnu11;
				GCC_NO_COMMON_BLOCKS = YES;
				GCC_WARN_64_TO_32_BIT_CONVERSION = YES;
				GCC_WARN_ABOUT_RETURN_TYPE = YES_ERROR;
				GCC_WARN_UNDECLARED_SELECTOR = YES;
				GCC_WARN_UNINITIALIZED_AUTOS = YES_AGGRESSIVE;
				GCC_WARN_UNUSED_FUNCTION = YES;
				GCC_WARN_UNUSED_VARIABLE = YES;
				MACOSX_DEPLOYMENT_TARGET = 14.0;
				MTL_ENABLE_DEBUG_INFO = NO;
				MTL_FAST_MATH = YES;
				PRODUCT_NAME = "$(TARGET_NAME)";
				SDKROOT = macosx;
				SWIFT_COMPILATION_MODE = wholemodule;
				SWIFT_OPTIMIZATION_LEVEL = "-O";
				SWIFT_STRICT_CONCURRENCY = minimal;
				SWIFT_VERSION = 5;
			};
			name = Release;
		};
		DE13EE07FFA819439ED347A3 /* Debug */ = {
			isa = XCBuildConfiguration;
			buildSettings = {
				ALWAYS_SEARCH_USER_PATHS = NO;
				CLANG_ANALYZER_NONNULL = YES;
				CLANG_ANALYZER_NUMBER_OBJECT_CONVERSION = YES_AGGRESSIVE;
				CLANG_CXX_LANGUAGE_STANDARD = "gnu++14";
				CLANG_CXX_LIBRARY = "libc++";
				CLANG_ENABLE_MODULES = YES;
				CLANG_ENABLE_OBJC_ARC = YES;
				CLANG_ENABLE_OBJC_WEAK = YES;
				CLANG_WARN_BLOCK_CAPTURE_AUTORELEASING = YES;
				CLANG_WARN_BOOL_CONVERSION = YES;
				CLANG_WARN_COMMA = YES;
				CLANG_WARN_CONSTANT_CONVERSION = YES;
				CLANG_WARN_DEPRECATED_OBJC_IMPLEMENTATIONS = YES;
				CLANG_WARN_DIRECT_OBJC_ISA_USAGE = YES_ERROR;
				CLANG_WARN_DOCUMENTATION_COMMENTS = YES;
				CLANG_WARN_EMPTY_BODY = YES;
				CLANG_WARN_ENUM_CONVERSION = YES;
				CLANG_WARN_INFINITE_RECURSION = YES;
				CLANG_WARN_INT_CONVERSION = YES;
				CLANG_WARN_NON_LITERAL_NULL_CONVERSION = YES;
				CLANG_WARN_OBJC_IMPLICIT_RETAIN_SELF = YES;
				CLANG_WARN_OBJC_LITERAL_CONVERSION = YES;
				CLANG_WARN_OBJC_ROOT_CLASS = YES_ERROR;
				CLANG_WARN_QUOTED_INCLUDE_IN_FRAMEWORK_HEADER = YES;
				CLANG_WARN_RANGE_LOOP_ANALYSIS = YES;
				CLANG_WARN_STRICT_PROTOTYPES = YES;
				CLANG_WARN_SUSPICIOUS_MOVE = YES;
				CLANG_WARN_UNGUARDED_AVAILABILITY = YES_AGGRESSIVE;
				CLANG_WARN_UNREACHABLE_CODE = YES;
				CLANG_WARN__DUPLICATE_METHOD_MATCH = YES;
				CODE_SIGN_IDENTITY = "-";
				CODE_SIGN_STYLE = Automatic;
				COPY_PHASE_STRIP = NO;
				DEBUG_INFORMATION_FORMAT = dwarf;
				DEVELOPMENT_TEAM = "";
				ENABLE_HARDENED_RUNTIME = YES;
				ENABLE_STRICT_OBJC_MSGSEND = YES;
				ENABLE_TESTABILITY = YES;
				GCC_C_LANGUAGE_STANDARD = gnu11;
				GCC_DYNAMIC_NO_PIC = NO;
				GCC_NO_COMMON_BLOCKS = YES;
				GCC_OPTIMIZATION_LEVEL = 0;
				GCC_PREPROCESSOR_DEFINITIONS = (
					"$(inherited)",
					"DEBUG=1",
				);
				GCC_WARN_64_TO_32_BIT_CONVERSION = YES;
				GCC_WARN_ABOUT_RETURN_TYPE = YES_ERROR;
				GCC_WARN_UNDECLARED_SELECTOR = YES;
				GCC_WARN_UNINITIALIZED_AUTOS = YES_AGGRESSIVE;
				GCC_WARN_UNUSED_FUNCTION = YES;
				GCC_WARN_UNUSED_VARIABLE = YES;
				MACOSX_DEPLOYMENT_TARGET = 14.0;
				MTL_ENABLE_DEBUG_INFO = INCLUDE_SOURCE;
				MTL_FAST_MATH = YES;
				ONLY_ACTIVE_ARCH = YES;
				PRODUCT_NAME = "$(TARGET_NAME)";
				SDKROOT = macosx;
				SWIFT_ACTIVE_COMPILATION_CONDITIONS = DEBUG;
				SWIFT_OPTIMIZATION_LEVEL = "-Onone";
				SWIFT_STRICT_CONCURRENCY = minimal;
				SWIFT_VERSION = 5;
			};
			name = Debug;
		};
		FD0E2B6730981346FECCFE9B /* Debug */ = {
			isa = XCBuildConfiguration;
			buildSettings = {
				ASSETCATALOG_COMPILER_APPICON_NAME = AppIcon;
				CODE_SIGN_ENTITLEMENTS = MailClient/Resources/MailClient.entitlements;
				COMBINE_HIDPI_IMAGES = YES;
				CURRENT_PROJECT_VERSION = 1;
				GENERATE_INFOPLIST_FILE = NO;
				INFOPLIST_FILE = MailClient/Resources/Info.plist;
				INFOPLIST_KEY_CFBundleDisplayName = "EAS Bridge";
				LD_RUNPATH_SEARCH_PATHS = (
					"$(inherited)",
					"@executable_path/../Frameworks",
				);
				MACOSX_DEPLOYMENT_TARGET = 14.0;
				MARKETING_VERSION = 1.0;
				PRODUCT_BUNDLE_IDENTIFIER = com.mailclient.MailClient;
				SDKROOT = macosx;
			};
			name = Debug;
		};
/* End XCBuildConfiguration section */

/* Begin XCConfigurationList section */
		484BDC09903A641DFB3C03C9 /* Build configuration list for PBXProject "MailClient" */ = {
			isa = XCConfigurationList;
			buildConfigurations = (
				DE13EE07FFA819439ED347A3 /* Debug */,
				DCEAB3EC270DE14334B3958F /* Release */,
			);
			defaultConfigurationIsVisible = 0;
			defaultConfigurationName = Debug;
		};
		6FB46B1FC8A8C962ACA12025 /* Build configuration list for PBXNativeTarget "MailClient" */ = {
			isa = XCConfigurationList;
			buildConfigurations = (
				FD0E2B6730981346FECCFE9B /* Debug */,
				831C4E4CA0EB3D50CE271A4D /* Release */,
			);
			defaultConfigurationIsVisible = 0;
			defaultConfigurationName = Debug;
		};
/* End XCConfigurationList section */
	};
	rootObject = 55FDB23FCAA1100AEAAE4282 /* Project object */;
}
